{
  "version": 4,
  "terraform_version": "1.3.4",
  "serial": 3,
  "lineage": "0ae20409-a192-0b52-0ebb-9a2199645cb2",
  "outputs": {},
  "resources": [
    {
      "mode": "managed",
      "type": "google_sql_database",
      "name": "database_label_terraform",
      "provider": "provider[\"registry.terraform.io/hashicorp/google\"]",
      "instances": []
    },
    {
      "mode": "managed",
      "type": "google_sql_database_instance",
      "name": "instance_label_terraform",
      "provider": "provider[\"registry.terraform.io/hashicorp/google\"]",
      "instances": [
        {
          "schema_version": 0,
          "attributes": {
            "clone": [],
            "connection_name": "group-project-cloud-account:us-central1:postgres-instance",
            "database_version": "POSTGRES_11",
            "deletion_protection": false,
            "first_ip_address": "34.66.87.198",
            "id": "postgres-instance",
            "ip_address": [
              {
                "ip_address": "34.66.87.198",
                "time_to_retire": "",
                "type": "PRIMARY"
              },
              {
                "ip_address": "34.170.216.206",
                "time_to_retire": "",
                "type": "OUTGOING"
              }
            ],
            "master_instance_name": "",
            "name": "postgres-instance",
            "private_ip_address": "",
            "project": "group-project-cloud-account",
            "public_ip_address": "34.66.87.198",
            "region": "us-central1",
            "replica_configuration": [],
            "restore_backup_context": [],
            "root_password": null,
            "self_link": "https://sqladmin.googleapis.com/sql/v1beta4/projects/group-project-cloud-account/instances/postgres-instance",
            "server_ca_cert": [
              {
                "cert": "-----BEGIN CERTIFICATE-----\nMIIDfzCCAmegAwIBAgIBADANBgkqhkiG9w0BAQsFADB3MS0wKwYDVQQuEyQwZDUz\nMWQzOS0yNjcwLTQ5OTEtOWNhNy1kYzcxYWFmNGQ0ZjcxIzAhBgNVBAMTGkdvb2ds\nZSBDbG91ZCBTUUwgU2VydmVyIENBMRQwEgYDVQQKEwtHb29nbGUsIEluYzELMAkG\nA1UEBhMCVVMwHhcNMjIxMjAyMTYzODE3WhcNMzIxMTI5MTYzOTE3WjB3MS0wKwYD\nVQQuEyQwZDUzMWQzOS0yNjcwLTQ5OTEtOWNhNy1kYzcxYWFmNGQ0ZjcxIzAhBgNV\nBAMTGkdvb2dsZSBDbG91ZCBTUUwgU2VydmVyIENBMRQwEgYDVQQKEwtHb29nbGUs\nIEluYzELMAkGA1UEBhMCVVMwggEiMA0GCSqGSIb3DQEBAQUAA4IBDwAwggEKAoIB\nAQCGOuSw9MpOsD/eKwZKdmnCXWlpWBE9ynp0xtWUQD1EqffiSqVu3XKqny95YVM8\nY2+m5i2pKIdUzHOQ+4XX8eM+wCsX+lROt5IFdHBlkTW9tsT5pfNprWJRj4wnN7q+\nY0ayVZyOJPUdd7TahVZL6iNjsxOSkXJMCwIIztwyNn6DPXxwIRDmWB4ibihC1/d7\n3CzoUL3TftGi9TvK/4L8CxB5sXGwSgUjKEqCXQp2gvvNkNA27w4Qgi/3Vk6/wVAK\nsNd7qDMKshGMjReyXiUcXwSltopbDAHKMy/VdPp5nd4hRTIxDllS7yxm1/W7nkjg\nvwDm5ndR6vxLZGzHQlA3V0txAgMBAAGjFjAUMBIGA1UdEwEB/wQIMAYBAf8CAQAw\nDQYJKoZIhvcNAQELBQADggEBAGAwF+d8PnSdFn/jeFi8SujOd+kKLa4g8K1amRVC\nTr9VwQ6Y4rq+IOIeY94MEyoVtYvWAWzKY78fhWHZgqHQ7mxooe6SaFrmHXKyl66X\nKr+qQGlgYvNZJr4SB0tECmaCcNd8/YKadULE8RID+ktGeL0L5LrHu9tRAQ93wo8v\n8YV15XA4aMDpkmtb6S+WvyYNM5hmISpT/g2tbPi8Muk0uvkv+7m6uWqdvzx6ucTM\nu9iYeBEA1RsHt+3c+R24GhnrfSQ904Y11KnKtThacm+/+IBfbp8Acpm3AAZQ8KY1\n6Ex8fP3DS5jfRu/IMfdzILIkth66jUFgBB2K4FgRmnHLbLc=\n-----END CERTIFICATE-----",
                "common_name": "C=US,O=Google\\, Inc,CN=Google Cloud SQL Server CA,dnQualifier=0d531d39-2670-4991-9ca7-dc71aaf4d4f7",
                "create_time": "2022-12-02T16:38:17.205Z",
                "expiration_time": "2032-11-29T16:39:17.205Z",
                "sha1_fingerprint": "b7e3f25ae770f42b3be39a4422084e892b91b4a0"
              }
            ],
            "service_account_email_address": "p408864746884-ef01rc@gcp-sa-cloud-sql.iam.gserviceaccount.com",
            "settings": [
              {
                "activation_policy": "ALWAYS",
                "availability_type": "ZONAL",
                "backup_configuration": [
                  {
                    "backup_retention_settings": [
                      {
                        "retained_backups": 7,
                        "retention_unit": "COUNT"
                      }
                    ],
                    "binary_log_enabled": false,
                    "enabled": false,
                    "location": "",
                    "point_in_time_recovery_enabled": false,
                    "start_time": "15:00",
                    "transaction_log_retention_days": 7
                  }
                ],
                "collation": "",
                "database_flags": [],
                "disk_autoresize": true,
                "disk_autoresize_limit": 0,
                "disk_size": 10,
                "disk_type": "PD_SSD",
                "insights_config": [],
                "ip_configuration": [
                  {
                    "allocated_ip_range": "",
                    "authorized_networks": [],
                    "ipv4_enabled": true,
                    "private_network": "",
                    "require_ssl": false
                  }
                ],
                "location_preference": [
                  {
                    "follow_gae_application": "",
                    "zone": "us-central1-f"
                  }
                ],
                "maintenance_window": [],
                "pricing_plan": "PER_USE",
                "tier": "db-f1-micro",
                "user_labels": {},
                "version": 1
              }
            ],
            "timeouts": null
          },
          "sensitive_attributes": [],
          "private": "eyJlMmJmYjczMC1lY2FhLTExZTYtOGY4OC0zNDM2M2JjN2M0YzAiOnsiY3JlYXRlIjoxODAwMDAwMDAwMDAwLCJkZWxldGUiOjE4MDAwMDAwMDAwMDAsInVwZGF0ZSI6MTgwMDAwMDAwMDAwMH19"
        }
      ]
    },
    {
      "mode": "managed",
      "type": "google_sql_user",
      "name": "users",
      "provider": "provider[\"registry.terraform.io/hashicorp/google\"]",
      "instances": []
    }
  ],
  "check_results": null
}
